
Microsoft Visual Studio Solution File, Format Version 12.00
Project("{FAE04EC0-301F-11D3-BF4B-00C04F79EFBC}") = "logicGP", "logicGP\logicGP.csproj", "{04D7BDC1-9902-4A22-A588-A55850DE10B2}"
EndProject
Project("{FAE04EC0-301F-11D3-BF4B-00C04F79EFBC}") = "logicGP.Tests", "logicGP.Tests\logicGP.Tests.csproj", "{BB17F533-1AD3-4071-9175-2F5E7DF4FD4E}"
EndProject
Global
	GlobalSection(SolutionConfigurationPlatforms) = preSolution
		Debug|Any CPU = Debug|Any CPU
		Release|Any CPU = Release|Any CPU
	EndGlobalSection
	GlobalSection(ProjectConfigurationPlatforms) = postSolution
		{04D7BDC1-9902-4A22-A588-A55850DE10B2}.Debug|Any CPU.ActiveCfg = Debug|Any CPU
		{04D7BDC1-9902-4A22-A588-A55850DE10B2}.Debug|Any CPU.Build.0 = Debug|Any CPU
		{04D7BDC1-9902-4A22-A588-A55850DE10B2}.Release|Any CPU.ActiveCfg = Release|Any CPU
		{04D7BDC1-9902-4A22-A588-A55850DE10B2}.Release|Any CPU.Build.0 = Release|Any CPU
		{BB17F533-1AD3-4071-9175-2F5E7DF4FD4E}.Debug|Any CPU.ActiveCfg = Debug|Any CPU
		{BB17F533-1AD3-4071-9175-2F5E7DF4FD4E}.Debug|Any CPU.Build.0 = Debug|Any CPU
		{BB17F533-1AD3-4071-9175-2F5E7DF4FD4E}.Release|Any CPU.ActiveCfg = Release|Any CPU
		{BB17F533-1AD3-4071-9175-2F5E7DF4FD4E}.Release|Any CPU.Build.0 = Release|Any CPU
	EndGlobalSection
EndGlobal
